
Microsoft Visual Studio Solution File, Format Version 12.00
# Visual Studio Version 16
VisualStudioVersion = 16.0.29209.62
MinimumVisualStudioVersion = 10.0.40219.1
Project("{FAE04EC0-301F-11D3-BF4B-00C04F79EFBC}") = "Curso Csharp intermedio", "Curso Csharp intermedio\Curso Csharp intermedio.csproj", "{EB4E8B38-4D79-44FA-8715-D76EF63022A4}"
EndProject
Project("{FAE04EC0-301F-11D3-BF4B-00C04F79EFBC}") = "Programa01_01", "Programa01\Programa01_01.csproj", "{5ED40386-E7BF-473B-B34A-1BEB68952A82}"
EndProject
Project("{FAE04EC0-301F-11D3-BF4B-00C04F79EFBC}") = "Programa01_02IEnumerable", "Programa01_02\Programa01_02IEnumerable.csproj", "{42173FE9-E975-4EDA-B0CF-D2369B136021}"
EndProject
Project("{FAE04EC0-301F-11D3-BF4B-00C04F79EFBC}") = "Programa01_03IEnumerable_II", "Programa01_03IEnumerable_II\Programa01_03IEnumerable_II.csproj", "{CF968B54-029F-4AAB-8B19-2E33544006DB}"
EndProject
Project("{FAE04EC0-301F-11D3-BF4B-00C04F79EFBC}") = "Programa01_05IComparable", "Programa01_05IComparable\Programa01_05IComparable.csproj", "{E0B3CDD6-A796-4F5A-8B7D-4BA9A0DD9CA4}"
EndProject
Project("{FAE04EC0-301F-11D3-BF4B-00C04F79EFBC}") = "Programa02_01SInk", "Programa02_01SInk\Programa02_01SInk.csproj", "{FC0BC8B4-97E5-4514-9598-AADD4F74BC4C}"
EndProject
Project("{FAE04EC0-301F-11D3-BF4B-00C04F79EFBC}") = "Programa02_04DelegadoSencillo", "Programa02_04DelegadoSencillo\Programa02_04DelegadoSencillo.csproj", "{84F66015-D9D3-4D23-A8A4-2B229388EF41}"
EndProject
Project("{FAE04EC0-301F-11D3-BF4B-00C04F79EFBC}") = "Programa02_05DelegadosRefri", "Programa02_05DelegadosRefri\Programa02_05DelegadosRefri.csproj", "{6B926F99-624F-4848-B805-CD2AD93707DA}"
EndProject
Project("{FAE04EC0-301F-11D3-BF4B-00C04F79EFBC}") = "Programa03_02SobrecargaBinarios", "Programa03_02SobrecargaBinarios\Programa03_02SobrecargaBinarios.csproj", "{46CA9A8C-B3F9-4AF3-AA55-E17C086CDC91}"
EndProject
Project("{FAE04EC0-301F-11D3-BF4B-00C04F79EFBC}") = "Programa04_01SerializacionBinaria", "Programa04_01SerializacionBinaria\Programa04_01SerializacionBinaria.csproj", "{CB0E5A7B-87A8-48F6-A6CA-14B386E7E3E9}"
EndProject
Project("{FAE04EC0-301F-11D3-BF4B-00C04F79EFBC}") = "Programa04_2SerializacionSoapXML", "Programa04_2SerializacionSoapXML\Programa04_2SerializacionSoapXML.csproj", "{4D16E5CB-ABAD-4DF2-B027-579B6183FE3E}"
EndProject
Project("{FAE04EC0-301F-11D3-BF4B-00C04F79EFBC}") = "Programa04_3SerializacionXML", "Programa05_3SerializacionXML\Programa04_3SerializacionXML.csproj", "{DC7A4A04-6A49-44D2-83FE-F9973A92214F}"
EndProject
Project("{FAE04EC0-301F-11D3-BF4B-00C04F79EFBC}") = "Programa04_4SerializacionCompuesta", "Programa04_4SerializacionCompuesta\Programa04_4SerializacionCompuesta.csproj", "{37D322AC-3F2C-48EF-93F9-70C7BE185838}"
EndProject
Project("{FAE04EC0-301F-11D3-BF4B-00C04F79EFBC}") = "Programa05_01Stream", "Programa05_02Stream\Programa05_01Stream.csproj", "{0CC7CED7-4CA4-4DCB-BD89-DBEFA2B15C74}"
EndProject
Project("{FAE04EC0-301F-11D3-BF4B-00C04F79EFBC}") = "Programa05_02Nombrados", "Programa05_02Nombrados\Programa05_02Nombrados.csproj", "{3DDE2874-2B7E-4829-A16B-1E7ED64787D4}"
EndProject
Project("{FAE04EC0-301F-11D3-BF4B-00C04F79EFBC}") = "Operaciones_Basicas", "Operaciones_Basicas\Operaciones_Basicas.csproj", "{3E662944-02E7-4B6F-A23B-5F9D99D38366}"
EndProject
Global
	GlobalSection(SolutionConfigurationPlatforms) = preSolution
		Debug|Any CPU = Debug|Any CPU
		Release|Any CPU = Release|Any CPU
	EndGlobalSection
	GlobalSection(ProjectConfigurationPlatforms) = postSolution
		{EB4E8B38-4D79-44FA-8715-D76EF63022A4}.Debug|Any CPU.ActiveCfg = Debug|Any CPU
		{EB4E8B38-4D79-44FA-8715-D76EF63022A4}.Debug|Any CPU.Build.0 = Debug|Any CPU
		{EB4E8B38-4D79-44FA-8715-D76EF63022A4}.Release|Any CPU.ActiveCfg = Release|Any CPU
		{EB4E8B38-4D79-44FA-8715-D76EF63022A4}.Release|Any CPU.Build.0 = Release|Any CPU
		{5ED40386-E7BF-473B-B34A-1BEB68952A82}.Debug|Any CPU.ActiveCfg = Debug|Any CPU
		{5ED40386-E7BF-473B-B34A-1BEB68952A82}.Debug|Any CPU.Build.0 = Debug|Any CPU
		{5ED40386-E7BF-473B-B34A-1BEB68952A82}.Release|Any CPU.ActiveCfg = Release|Any CPU
		{5ED40386-E7BF-473B-B34A-1BEB68952A82}.Release|Any CPU.Build.0 = Release|Any CPU
		{42173FE9-E975-4EDA-B0CF-D2369B136021}.Debug|Any CPU.ActiveCfg = Debug|Any CPU
		{42173FE9-E975-4EDA-B0CF-D2369B136021}.Debug|Any CPU.Build.0 = Debug|Any CPU
		{42173FE9-E975-4EDA-B0CF-D2369B136021}.Release|Any CPU.ActiveCfg = Release|Any CPU
		{42173FE9-E975-4EDA-B0CF-D2369B136021}.Release|Any CPU.Build.0 = Release|Any CPU
		{CF968B54-029F-4AAB-8B19-2E33544006DB}.Debug|Any CPU.ActiveCfg = Debug|Any CPU
		{CF968B54-029F-4AAB-8B19-2E33544006DB}.Debug|Any CPU.Build.0 = Debug|Any CPU
		{CF968B54-029F-4AAB-8B19-2E33544006DB}.Release|Any CPU.ActiveCfg = Release|Any CPU
		{CF968B54-029F-4AAB-8B19-2E33544006DB}.Release|Any CPU.Build.0 = Release|Any CPU
		{E0B3CDD6-A796-4F5A-8B7D-4BA9A0DD9CA4}.Debug|Any CPU.ActiveCfg = Debug|Any CPU
		{E0B3CDD6-A796-4F5A-8B7D-4BA9A0DD9CA4}.Debug|Any CPU.Build.0 = Debug|Any CPU
		{E0B3CDD6-A796-4F5A-8B7D-4BA9A0DD9CA4}.Release|Any CPU.ActiveCfg = Release|Any CPU
		{E0B3CDD6-A796-4F5A-8B7D-4BA9A0DD9CA4}.Release|Any CPU.Build.0 = Release|Any CPU
		{FC0BC8B4-97E5-4514-9598-AADD4F74BC4C}.Debug|Any CPU.ActiveCfg = Debug|Any CPU
		{FC0BC8B4-97E5-4514-9598-AADD4F74BC4C}.Debug|Any CPU.Build.0 = Debug|Any CPU
		{FC0BC8B4-97E5-4514-9598-AADD4F74BC4C}.Release|Any CPU.ActiveCfg = Release|Any CPU
		{FC0BC8B4-97E5-4514-9598-AADD4F74BC4C}.Release|Any CPU.Build.0 = Release|Any CPU
		{84F66015-D9D3-4D23-A8A4-2B229388EF41}.Debug|Any CPU.ActiveCfg = Debug|Any CPU
		{84F66015-D9D3-4D23-A8A4-2B229388EF41}.Debug|Any CPU.Build.0 = Debug|Any CPU
		{84F66015-D9D3-4D23-A8A4-2B229388EF41}.Release|Any CPU.ActiveCfg = Release|Any CPU
		{84F66015-D9D3-4D23-A8A4-2B229388EF41}.Release|Any CPU.Build.0 = Release|Any CPU
		{6B926F99-624F-4848-B805-CD2AD93707DA}.Debug|Any CPU.ActiveCfg = Debug|Any CPU
		{6B926F99-624F-4848-B805-CD2AD93707DA}.Debug|Any CPU.Build.0 = Debug|Any CPU
		{6B926F99-624F-4848-B805-CD2AD93707DA}.Release|Any CPU.ActiveCfg = Release|Any CPU
		{6B926F99-624F-4848-B805-CD2AD93707DA}.Release|Any CPU.Build.0 = Release|Any CPU
		{46CA9A8C-B3F9-4AF3-AA55-E17C086CDC91}.Debug|Any CPU.ActiveCfg = Debug|Any CPU
		{46CA9A8C-B3F9-4AF3-AA55-E17C086CDC91}.Debug|Any CPU.Build.0 = Debug|Any CPU
		{46CA9A8C-B3F9-4AF3-AA55-E17C086CDC91}.Release|Any CPU.ActiveCfg = Release|Any CPU
		{46CA9A8C-B3F9-4AF3-AA55-E17C086CDC91}.Release|Any CPU.Build.0 = Release|Any CPU
		{CB0E5A7B-87A8-48F6-A6CA-14B386E7E3E9}.Debug|Any CPU.ActiveCfg = Debug|Any CPU
		{CB0E5A7B-87A8-48F6-A6CA-14B386E7E3E9}.Debug|Any CPU.Build.0 = Debug|Any CPU
		{CB0E5A7B-87A8-48F6-A6CA-14B386E7E3E9}.Release|Any CPU.ActiveCfg = Release|Any CPU
		{CB0E5A7B-87A8-48F6-A6CA-14B386E7E3E9}.Release|Any CPU.Build.0 = Release|Any CPU
		{4D16E5CB-ABAD-4DF2-B027-579B6183FE3E}.Debug|Any CPU.ActiveCfg = Debug|Any CPU
		{4D16E5CB-ABAD-4DF2-B027-579B6183FE3E}.Debug|Any CPU.Build.0 = Debug|Any CPU
		{4D16E5CB-ABAD-4DF2-B027-579B6183FE3E}.Release|Any CPU.ActiveCfg = Release|Any CPU
		{4D16E5CB-ABAD-4DF2-B027-579B6183FE3E}.Release|Any CPU.Build.0 = Release|Any CPU
		{DC7A4A04-6A49-44D2-83FE-F9973A92214F}.Debug|Any CPU.ActiveCfg = Debug|Any CPU
		{DC7A4A04-6A49-44D2-83FE-F9973A92214F}.Debug|Any CPU.Build.0 = Debug|Any CPU
		{DC7A4A04-6A49-44D2-83FE-F9973A92214F}.Release|Any CPU.ActiveCfg = Release|Any CPU
		{DC7A4A04-6A49-44D2-83FE-F9973A92214F}.Release|Any CPU.Build.0 = Release|Any CPU
		{37D322AC-3F2C-48EF-93F9-70C7BE185838}.Debug|Any CPU.ActiveCfg = Debug|Any CPU
		{37D322AC-3F2C-48EF-93F9-70C7BE185838}.Debug|Any CPU.Build.0 = Debug|Any CPU
		{37D322AC-3F2C-48EF-93F9-70C7BE185838}.Release|Any CPU.ActiveCfg = Release|Any CPU
		{37D322AC-3F2C-48EF-93F9-70C7BE185838}.Release|Any CPU.Build.0 = Release|Any CPU
		{0CC7CED7-4CA4-4DCB-BD89-DBEFA2B15C74}.Debug|Any CPU.ActiveCfg = Debug|Any CPU
		{0CC7CED7-4CA4-4DCB-BD89-DBEFA2B15C74}.Debug|Any CPU.Build.0 = Debug|Any CPU
		{0CC7CED7-4CA4-4DCB-BD89-DBEFA2B15C74}.Release|Any CPU.ActiveCfg = Release|Any CPU
		{0CC7CED7-4CA4-4DCB-BD89-DBEFA2B15C74}.Release|Any CPU.Build.0 = Release|Any CPU
		{3DDE2874-2B7E-4829-A16B-1E7ED64787D4}.Debug|Any CPU.ActiveCfg = Debug|Any CPU
		{3DDE2874-2B7E-4829-A16B-1E7ED64787D4}.Debug|Any CPU.Build.0 = Debug|Any CPU
		{3DDE2874-2B7E-4829-A16B-1E7ED64787D4}.Release|Any CPU.ActiveCfg = Release|Any CPU
		{3DDE2874-2B7E-4829-A16B-1E7ED64787D4}.Release|Any CPU.Build.0 = Release|Any CPU
		{3E662944-02E7-4B6F-A23B-5F9D99D38366}.Debug|Any CPU.ActiveCfg = Debug|Any CPU
		{3E662944-02E7-4B6F-A23B-5F9D99D38366}.Debug|Any CPU.Build.0 = Debug|Any CPU
		{3E662944-02E7-4B6F-A23B-5F9D99D38366}.Release|Any CPU.ActiveCfg = Release|Any CPU
		{3E662944-02E7-4B6F-A23B-5F9D99D38366}.Release|Any CPU.Build.0 = Release|Any CPU
	EndGlobalSection
	GlobalSection(SolutionProperties) = preSolution
		HideSolutionNode = FALSE
	EndGlobalSection
	GlobalSection(ExtensibilityGlobals) = postSolution
		SolutionGuid = {03FE4F5E-65F8-4145-B540-23C94F9D37EB}
	EndGlobalSection
EndGlobal
